Microsoft Visual Studio Solution File, Format Version 11.00
# Visual Studio 2008

Project("{ACA14966-9B33-A3F0-55DE-89B472727246}") = "Bunny Hope", "Assembly-CSharp.csproj", "{7142AA9C-C08D-47DE-32DB-A411B292791E}"
EndProject
Global
	GlobalSection(SolutionConfigurationPlatforms) = preSolution
		Debug|Any CPU = Debug|Any CPU
		Release|Any CPU = Release|Any CPU
	EndGlobalSection
	GlobalSection(ProjectConfigurationPlatforms) = postSolution
		{7142AA9C-C08D-47DE-32DB-A411B292791E}.Debug|Any CPU.ActiveCfg = Debug|Any CPU
		{7142AA9C-C08D-47DE-32DB-A411B292791E}.Debug|Any CPU.Build.0 = Debug|Any CPU
		{7142AA9C-C08D-47DE-32DB-A411B292791E}.Release|Any CPU.ActiveCfg = Release|Any CPU
		{7142AA9C-C08D-47DE-32DB-A411B292791E}.Release|Any CPU.Build.0 = Release|Any CPU
	EndGlobalSection
	GlobalSection(SolutionProperties) = preSolution
		HideSolutionNode = FALSE
	EndGlobalSection
	GlobalSection(MonoDevelopProperties) = preSolution
		StartupItem = Assembly-CSharp.csproj
	EndGlobalSection
EndGlobal
